
Microsoft Visual Studio Solution File, Format Version 12.00
# Visual Studio Version 16
VisualStudioVersion = 16.0.29025.244
MinimumVisualStudioVersion = 10.0.40219.1
Project("{FAE04EC0-301F-11D3-BF4B-00C04F79EFBC}") = "BirthdayCakeCandles", "BirthdayCakeCandles.csproj", "{CF505D5E-7250-4E39-8259-CF44756518A9}"
EndProject
Global
	GlobalSection(SolutionConfigurationPlatforms) = preSolution
		Debug|Any CPU = Debug|Any CPU
		Release|Any CPU = Release|Any CPU
	EndGlobalSection
	GlobalSection(ProjectConfigurationPlatforms) = postSolution
		{CF505D5E-7250-4E39-8259-CF44756518A9}.Debug|Any CPU.ActiveCfg = Debug|Any CPU
		{CF505D5E-7250-4E39-8259-CF44756518A9}.Debug|Any CPU.Build.0 = Debug|Any CPU
		{CF505D5E-7250-4E39-8259-CF44756518A9}.Release|Any CPU.ActiveCfg = Release|Any CPU
		{CF505D5E-7250-4E39-8259-CF44756518A9}.Release|Any CPU.Build.0 = Release|Any CPU
	EndGlobalSection
	GlobalSection(SolutionProperties) = preSolution
		HideSolutionNode = FALSE
	EndGlobalSection
	GlobalSection(ExtensibilityGlobals) = postSolution
		SolutionGuid = {5487FB77-39A4-48BE-BDFD-4659F4097811}
	EndGlobalSection
EndGlobal
