
Microsoft Visual Studio Solution File, Format Version 12.00
# Visual Studio Version 16
VisualStudioVersion = 16.0.29025.244
MinimumVisualStudioVersion = 10.0.40219.1
Project("{FAE04EC0-301F-11D3-BF4B-00C04F79EFBC}") = "Mini-Max Sum", "Mini-Max Sum.csproj", "{EB01A954-12D1-400B-B26C-D529ABF0CD31}"
EndProject
Global
	GlobalSection(SolutionConfigurationPlatforms) = preSolution
		Debug|Any CPU = Debug|Any CPU
		Release|Any CPU = Release|Any CPU
	EndGlobalSection
	GlobalSection(ProjectConfigurationPlatforms) = postSolution
		{EB01A954-12D1-400B-B26C-D529ABF0CD31}.Debug|Any CPU.ActiveCfg = Debug|Any CPU
		{EB01A954-12D1-400B-B26C-D529ABF0CD31}.Debug|Any CPU.Build.0 = Debug|Any CPU
		{EB01A954-12D1-400B-B26C-D529ABF0CD31}.Release|Any CPU.ActiveCfg = Release|Any CPU
		{EB01A954-12D1-400B-B26C-D529ABF0CD31}.Release|Any CPU.Build.0 = Release|Any CPU
	EndGlobalSection
	GlobalSection(SolutionProperties) = preSolution
		HideSolutionNode = FALSE
	EndGlobalSection
	GlobalSection(ExtensibilityGlobals) = postSolution
		SolutionGuid = {799C3B17-91CA-4944-A4BF-3CFF22941FCF}
	EndGlobalSection
EndGlobal
